
Microsoft Visual Studio Solution File, Format Version 12.00
# Visual Studio Version 17
VisualStudioVersion = 17.2.32519.379
MinimumVisualStudioVersion = 10.0.40219.1
Project("{FAE04EC0-301F-11D3-BF4B-00C04F79EFBC}") = "StudentsG", "StudentsG\StudentsG.csproj", "{1CF7F0BC-C8A9-4ABD-9DAC-CE4E1B98E1A6}"
EndProject
Global
	GlobalSection(SolutionConfigurationPlatforms) = preSolution
		Debug|Any CPU = Debug|Any CPU
		Release|Any CPU = Release|Any CPU
	EndGlobalSection
	GlobalSection(ProjectConfigurationPlatforms) = postSolution
		{1CF7F0BC-C8A9-4ABD-9DAC-CE4E1B98E1A6}.Debug|Any CPU.ActiveCfg = Debug|Any CPU
		{1CF7F0BC-C8A9-4ABD-9DAC-CE4E1B98E1A6}.Debug|Any CPU.Build.0 = Debug|Any CPU
		{1CF7F0BC-C8A9-4ABD-9DAC-CE4E1B98E1A6}.Release|Any CPU.ActiveCfg = Release|Any CPU
		{1CF7F0BC-C8A9-4ABD-9DAC-CE4E1B98E1A6}.Release|Any CPU.Build.0 = Release|Any CPU
	EndGlobalSection
	GlobalSection(SolutionProperties) = preSolution
		HideSolutionNode = FALSE
	EndGlobalSection
	GlobalSection(ExtensibilityGlobals) = postSolution
		SolutionGuid = {D6DD336C-9346-4C96-A058-6B3C527E8EC5}
	EndGlobalSection
EndGlobal
