
Microsoft Visual Studio Solution File, Format Version 12.00
# Visual Studio Version 17
VisualStudioVersion = 17.2.32519.379
MinimumVisualStudioVersion = 10.0.40219.1
Project("{FAE04EC0-301F-11D3-BF4B-00C04F79EFBC}") = "StudentsGrades", "StudentsGrades\StudentsGrades.csproj", "{52D1DFB2-805E-422A-B1C8-CAEFDB8E551F}"
EndProject
Project("{2150E333-8FDC-42A3-9474-1A3956D46DE8}") = "Tests", "Tests", "{2DE0745D-12E1-4790-A166-70246EB354CD}"
EndProject
Project("{FAE04EC0-301F-11D3-BF4B-00C04F79EFBC}") = "StudentsGrades.Tests", "StudentsGrades.Tests\StudentsGrades.Tests.csproj", "{7E4B0A5F-6C5A-4369-9F24-D1C681BBC5E3}"
EndProject
Global
	GlobalSection(SolutionConfigurationPlatforms) = preSolution
		Debug|Any CPU = Debug|Any CPU
		Release|Any CPU = Release|Any CPU
	EndGlobalSection
	GlobalSection(ProjectConfigurationPlatforms) = postSolution
		{52D1DFB2-805E-422A-B1C8-CAEFDB8E551F}.Debug|Any CPU.ActiveCfg = Debug|Any CPU
		{52D1DFB2-805E-422A-B1C8-CAEFDB8E551F}.Debug|Any CPU.Build.0 = Debug|Any CPU
		{52D1DFB2-805E-422A-B1C8-CAEFDB8E551F}.Release|Any CPU.ActiveCfg = Release|Any CPU
		{52D1DFB2-805E-422A-B1C8-CAEFDB8E551F}.Release|Any CPU.Build.0 = Release|Any CPU
		{7E4B0A5F-6C5A-4369-9F24-D1C681BBC5E3}.Debug|Any CPU.ActiveCfg = Debug|Any CPU
		{7E4B0A5F-6C5A-4369-9F24-D1C681BBC5E3}.Debug|Any CPU.Build.0 = Debug|Any CPU
		{7E4B0A5F-6C5A-4369-9F24-D1C681BBC5E3}.Release|Any CPU.ActiveCfg = Release|Any CPU
		{7E4B0A5F-6C5A-4369-9F24-D1C681BBC5E3}.Release|Any CPU.Build.0 = Release|Any CPU
	EndGlobalSection
	GlobalSection(SolutionProperties) = preSolution
		HideSolutionNode = FALSE
	EndGlobalSection
	GlobalSection(NestedProjects) = preSolution
		{7E4B0A5F-6C5A-4369-9F24-D1C681BBC5E3} = {2DE0745D-12E1-4790-A166-70246EB354CD}
	EndGlobalSection
	GlobalSection(ExtensibilityGlobals) = postSolution
		SolutionGuid = {D6DD336C-9346-4C96-A058-6B3C527E8EC5}
	EndGlobalSection
EndGlobal
